// !$*UTF8*$!
{
	archiveVersion = 1;
	classes = {
	};
	objectVersion = 50;
	objects = {

/* Begin PBXBuildFile section */
		7A3B7BC52341299D00A072EF /* Kingfisher.framework in Frameworks */ = {isa = PBXBuildFile; fileRef = 7A6F54A5225009C8005A44C3 /* Kingfisher.framework */; };
		7A3B7BC62341299D00A072EF /* Kingfisher.framework in Embed Frameworks */ = {isa = PBXBuildFile; fileRef = 7A6F54A5225009C8005A44C3 /* Kingfisher.framework */; settings = {ATTRIBUTES = (CodeSignOnCopy, RemoveHeadersOnCopy, ); }; };
		7A48CED122690A4D00388299 /* SearchResult.swift in Sources */ = {isa = PBXBuildFile; fileRef = 7A48CED022690A4D00388299 /* SearchResult.swift */; };
		7A6F54A6225009C8005A44C3 /* Kingfisher.framework in Frameworks */ = {isa = PBXBuildFile; fileRef = 7A6F54A5225009C8005A44C3 /* Kingfisher.framework */; };
		7AA73C4B2250010100E0EAD0 /* AppDelegate.swift in Sources */ = {isa = PBXBuildFile; fileRef = 7AA73C4A2250010100E0EAD0 /* AppDelegate.swift */; };
		7AA73C4D2250010100E0EAD0 /* ViewController.swift in Sources */ = {isa = PBXBuildFile; fileRef = 7AA73C4C2250010100E0EAD0 /* ViewController.swift */; };
		7AA73C502250010100E0EAD0 /* Main.storyboard in Resources */ = {isa = PBXBuildFile; fileRef = 7AA73C4E2250010100E0EAD0 /* Main.storyboard */; };
		7AA73C522250010300E0EAD0 /* Assets.xcassets in Resources */ = {isa = PBXBuildFile; fileRef = 7AA73C512250010300E0EAD0 /* Assets.xcassets */; };
		7AA73C552250010300E0EAD0 /* LaunchScreen.storyboard in Resources */ = {isa = PBXBuildFile; fileRef = 7AA73C532250010300E0EAD0 /* LaunchScreen.storyboard */; };
		7AD63E26225E7B95008A9D20 /* SearchResultsViewController.swift in Sources */ = {isa = PBXBuildFile; fileRef = 7AD63E25225E7B95008A9D20 /* SearchResultsViewController.swift */; };
		7AD63E29225E94F8008A9D20 /* SearchResultTableViewCell.swift in Sources */ = {isa = PBXBuildFile; fileRef = 7AD63E28225E94F8008A9D20 /* SearchResultTableViewCell.swift */; };
		7AEB48F82255500E00022B8C /* SearchViewController.swift in Sources */ = {isa = PBXBuildFile; fileRef = 7AEB48F72255500E00022B8C /* SearchViewController.swift */; };
/* End PBXBuildFile section */

/* Begin PBXCopyFilesBuildPhase section */
		7A3B7BC72341299D00A072EF /* Embed Frameworks */ = {
			isa = PBXCopyFilesBuildPhase;
			buildActionMask = 2147483647;
			dstPath = "";
			dstSubfolderSpec = 10;
			files = (
				7A3B7BC62341299D00A072EF /* Kingfisher.framework in Embed Frameworks */,
			);
			name = "Embed Frameworks";
			runOnlyForDeploymentPostprocessing = 0;
		};
/* End PBXCopyFilesBuildPhase section */

/* Begin PBXFileReference section */
		7A48CED022690A4D00388299 /* SearchResult.swift */ = {isa = PBXFileReference; lastKnownFileType = sourcecode.swift; path = SearchResult.swift; sourceTree = "<group>"; };
		7A6F54A5225009C8005A44C3 /* Kingfisher.framework */ = {isa = PBXFileReference; lastKnownFileType = wrapper.framework; name = Kingfisher.framework; path = Carthage/Build/iOS/Kingfisher.framework; sourceTree = "<group>"; };
		7AA73C472250010100E0EAD0 /* GitHubExplorer.app */ = {isa = PBXFileReference; explicitFileType = wrapper.application; includeInIndex = 0; path = GitHubExplorer.app; sourceTree = BUILT_PRODUCTS_DIR; };
		7AA73C4A2250010100E0EAD0 /* AppDelegate.swift */ = {isa = PBXFileReference; lastKnownFileType = sourcecode.swift; path = AppDelegate.swift; sourceTree = "<group>"; };
		7AA73C4C2250010100E0EAD0 /* ViewController.swift */ = {isa = PBXFileReference; lastKnownFileType = sourcecode.swift; path = ViewController.swift; sourceTree = "<group>"; };
		7AA73C4F2250010100E0EAD0 /* Base */ = {isa = PBXFileReference; lastKnownFileType = file.storyboard; name = Base; path = Base.lproj/Main.storyboard; sourceTree = "<group>"; };
		7AA73C512250010300E0EAD0 /* Assets.xcassets */ = {isa = PBXFileReference; lastKnownFileType = folder.assetcatalog; path = Assets.xcassets; sourceTree = "<group>"; };
		7AA73C542250010300E0EAD0 /* Base */ = {isa = PBXFileReference; lastKnownFileType = file.storyboard; name = Base; path = Base.lproj/LaunchScreen.storyboard; sourceTree = "<group>"; };
		7AA73C562250010300E0EAD0 /* Info.plist */ = {isa = PBXFileReference; lastKnownFileType = text.plist.xml; path = Info.plist; sourceTree = "<group>"; };
		7AD63E25225E7B95008A9D20 /* SearchResultsViewController.swift */ = {isa = PBXFileReference; lastKnownFileType = sourcecode.swift; path = SearchResultsViewController.swift; sourceTree = "<group>"; };
		7AD63E28225E94F8008A9D20 /* SearchResultTableViewCell.swift */ = {isa = PBXFileReference; lastKnownFileType = sourcecode.swift; path = SearchResultTableViewCell.swift; sourceTree = "<group>"; };
		7AEB48F72255500E00022B8C /* SearchViewController.swift */ = {isa = PBXFileReference; lastKnownFileType = sourcecode.swift; path = SearchViewController.swift; sourceTree = "<group>"; };
/* End PBXFileReference section */

/* Begin PBXFrameworksBuildPhase section */
		7AA73C442250010100E0EAD0 /* Frameworks */ = {
			isa = PBXFrameworksBuildPhase;
			buildActionMask = 2147483647;
			files = (
				7A3B7BC52341299D00A072EF /* Kingfisher.framework in Frameworks */,
				7A6F54A6225009C8005A44C3 /* Kingfisher.framework in Frameworks */,
			);
			runOnlyForDeploymentPostprocessing = 0;
		};
/* End PBXFrameworksBuildPhase section */

/* Begin PBXGroup section */
		7A6F54A4225009C7005A44C3 /* Frameworks */ = {
			isa = PBXGroup;
			children = (
				7A6F54A5225009C8005A44C3 /* Kingfisher.framework */,
			);
			name = Frameworks;
			sourceTree = "<group>";
		};
		7A7BA6402255557A0078581E /* Controllers */ = {
			isa = PBXGroup;
			children = (
				7AA73C4C2250010100E0EAD0 /* ViewController.swift */,
				7AEB48F72255500E00022B8C /* SearchViewController.swift */,
				7AD63E25225E7B95008A9D20 /* SearchResultsViewController.swift */,
			);
			path = Controllers;
			sourceTree = "<group>";
		};
		7AA73C3E2250010100E0EAD0 = {
			isa = PBXGroup;
			children = (
				7AA73C492250010100E0EAD0 /* GitHubExplorer */,
				7AA73C482250010100E0EAD0 /* Products */,
				7A6F54A4225009C7005A44C3 /* Frameworks */,
			);
			sourceTree = "<group>";
		};
		7AA73C482250010100E0EAD0 /* Products */ = {
			isa = PBXGroup;
			children = (
				7AA73C472250010100E0EAD0 /* GitHubExplorer.app */,
			);
			name = Products;
			sourceTree = "<group>";
		};
		7AA73C492250010100E0EAD0 /* GitHubExplorer */ = {
			isa = PBXGroup;
			children = (
				7AC968CE226136B5006CDFA6 /* Model */,
				7AD63E27225E94DD008A9D20 /* Views */,
				7A7BA6402255557A0078581E /* Controllers */,
				7AA73C4A2250010100E0EAD0 /* AppDelegate.swift */,
				7AA73C4E2250010100E0EAD0 /* Main.storyboard */,
				7AA73C512250010300E0EAD0 /* Assets.xcassets */,
				7AA73C532250010300E0EAD0 /* LaunchScreen.storyboard */,
				7AA73C562250010300E0EAD0 /* Info.plist */,
			);
			path = GitHubExplorer;
			sourceTree = "<group>";
		};
		7AC968CE226136B5006CDFA6 /* Model */ = {
			isa = PBXGroup;
			children = (
				7A48CED022690A4D00388299 /* SearchResult.swift */,
			);
			path = Model;
			sourceTree = "<group>";
		};
		7AD63E27225E94DD008A9D20 /* Views */ = {
			isa = PBXGroup;
			children = (
				7AD63E28225E94F8008A9D20 /* SearchResultTableViewCell.swift */,
			);
			path = Views;
			sourceTree = "<group>";
		};
/* End PBXGroup section */

/* Begin PBXNativeTarget section */
		7AA73C462250010100E0EAD0 /* GitHubExplorer */ = {
			isa = PBXNativeTarget;
			buildConfigurationList = 7AA73C592250010300E0EAD0 /* Build configuration list for PBXNativeTarget "GitHubExplorer" */;
			buildPhases = (
				7AA73C432250010100E0EAD0 /* Sources */,
				7AA73C442250010100E0EAD0 /* Frameworks */,
				7AA73C452250010100E0EAD0 /* Resources */,
				7A6F54A7225009F6005A44C3 /* ShellScript */,
				7A3B7BC72341299D00A072EF /* Embed Frameworks */,
			);
			buildRules = (
			);
			dependencies = (
			);
			name = GitHubExplorer;
			productName = GitHubExplorer;
			productReference = 7AA73C472250010100E0EAD0 /* GitHubExplorer.app */;
			productType = "com.apple.product-type.application";
		};
/* End PBXNativeTarget section */

/* Begin PBXProject section */
		7AA73C3F2250010100E0EAD0 /* Project object */ = {
			isa = PBXProject;
			attributes = {
				LastSwiftUpdateCheck = 1020;
				LastUpgradeCheck = 1020;
				ORGANIZATIONNAME = "Кирилл Юдин";
				TargetAttributes = {
					7AA73C462250010100E0EAD0 = {
						CreatedOnToolsVersion = 10.2;
					};
				};
			};
			buildConfigurationList = 7AA73C422250010100E0EAD0 /* Build configuration list for PBXProject "GitHubExplorer" */;
			compatibilityVersion = "Xcode 9.3";
			developmentRegion = en;
			hasScannedForEncodings = 0;
			knownRegions = (
				en,
				Base,
			);
			mainGroup = 7AA73C3E2250010100E0EAD0;
			productRefGroup = 7AA73C482250010100E0EAD0 /* Products */;
			projectDirPath = "";
			projectRoot = "";
			targets = (
				7AA73C462250010100E0EAD0 /* GitHubExplorer */,
			);
		};
/* End PBXProject section */

/* Begin PBXResourcesBuildPhase section */
		7AA73C452250010100E0EAD0 /* Resources */ = {
			isa = PBXResourcesBuildPhase;
			buildActionMask = 2147483647;
			files = (
				7AA73C552250010300E0EAD0 /* LaunchScreen.storyboard in Resources */,
				7AA73C522250010300E0EAD0 /* Assets.xcassets in Resources */,
				7AA73C502250010100E0EAD0 /* Main.storyboard in Resources */,
			);
			runOnlyForDeploymentPostprocessing = 0;
		};
/* End PBXResourcesBuildPhase section */

/* Begin PBXShellScriptBuildPhase section */
		7A6F54A7225009F6005A44C3 /* ShellScript */ = {
			isa = PBXShellScriptBuildPhase;
			buildActionMask = 2147483647;
			files = (
			);
			inputFileListPaths = (
			);
			inputPaths = (
				"$(SRCROOT)/Carthage/Build/iOS/Kingfisher.framework",
			);
			outputFileListPaths = (
			);
			outputPaths = (
				"$(DERIVED_FILE_DIR)/$(FRAMEWORKS_FOLDER_PATH)/Kingfisher.framework",
			);
			runOnlyForDeploymentPostprocessing = 0;
			shellPath = /bin/sh;
			shellScript = "/usr/local/bin/carthage copy-frameworks\n";
		};
/* End PBXShellScriptBuildPhase section */

/* Begin PBXSourcesBuildPhase section */
		7AA73C432250010100E0EAD0 /* Sources */ = {
			isa = PBXSourcesBuildPhase;
			buildActionMask = 2147483647;
			files = (
				7AEB48F82255500E00022B8C /* SearchViewController.swift in Sources */,
				7AD63E29225E94F8008A9D20 /* SearchResultTableViewCell.swift in Sources */,
				7AD63E26225E7B95008A9D20 /* SearchResultsViewController.swift in Sources */,
				7AA73C4D2250010100E0EAD0 /* ViewController.swift in Sources */,
				7A48CED122690A4D00388299 /* SearchResult.swift in Sources */,
				7AA73C4B2250010100E0EAD0 /* AppDelegate.swift in Sources */,
			);
			runOnlyForDeploymentPostprocessing = 0;
		};
/* End PBXSourcesBuildPhase section */

/* Begin PBXVariantGroup section */
		7AA73C4E2250010100E0EAD0 /* Main.storyboard */ = {
			isa = PBXVariantGroup;
			children = (
				7AA73C4F2250010100E0EAD0 /* Base */,
			);
			name = Main.storyboard;
			sourceTree = "<group>";
		};
		7AA73C532250010300E0EAD0 /* LaunchScreen.storyboard */ = {
			isa = PBXVariantGroup;
			children = (
				7AA73C542250010300E0EAD0 /* Base */,
			);
			name = LaunchScreen.storyboard;
			sourceTree = "<group>";
		};
/* End PBXVariantGroup section */

/* Begin XCBuildConfiguration section */
		7AA73C572250010300E0EAD0 /* Debug */ = {
			isa = XCBuildConfiguration;
			buildSettings = {
				ALWAYS_SEARCH_USER_PATHS = NO;
				CLANG_ANALYZER_NONNULL = YES;
				CLANG_ANALYZER_NUMBER_OBJECT_CONVERSION = YES_AGGRESSIVE;
				CLANG_CXX_LANGUAGE_STANDARD = "gnu++14";
				CLANG_CXX_LIBRARY = "libc++";
				CLANG_ENABLE_MODULES = YES;
				CLANG_ENABLE_OBJC_ARC = YES;
				CLANG_ENABLE_OBJC_WEAK = YES;
				CLANG_WARN_BLOCK_CAPTURE_AUTORELEASING = YES;
				CLANG_WARN_BOOL_CONVERSION = YES;
				CLANG_WARN_COMMA = YES;
				CLANG_WARN_CONSTANT_CONVERSION = YES;
				CLANG_WARN_DEPRECATED_OBJC_IMPLEMENTATIONS = YES;
				CLANG_WARN_DIRECT_OBJC_ISA_USAGE = YES_ERROR;
				CLANG_WARN_DOCUMENTATION_COMMENTS = YES;
				CLANG_WARN_EMPTY_BODY = YES;
				CLANG_WARN_ENUM_CONVERSION = YES;
				CLANG_WARN_INFINITE_RECURSION = YES;
				CLANG_WARN_INT_CONVERSION = YES;
				CLANG_WARN_NON_LITERAL_NULL_CONVERSION = YES;
				CLANG_WARN_OBJC_IMPLICIT_RETAIN_SELF = YES;
				CLANG_WARN_OBJC_LITERAL_CONVERSION = YES;
				CLANG_WARN_OBJC_ROOT_CLASS = YES_ERROR;
				CLANG_WARN_RANGE_LOOP_ANALYSIS = YES;
				CLANG_WARN_STRICT_PROTOTYPES = YES;
				CLANG_WARN_SUSPICIOUS_MOVE = YES;
				CLANG_WARN_UNGUARDED_AVAILABILITY = YES_AGGRESSIVE;
				CLANG_WARN_UNREACHABLE_CODE = YES;
				CLANG_WARN__DUPLICATE_METHOD_MATCH = YES;
				CODE_SIGN_IDENTITY = "iPhone Developer";
				COPY_PHASE_STRIP = NO;
				DEBUG_INFORMATION_FORMAT = dwarf;
				ENABLE_STRICT_OBJC_MSGSEND = YES;
				ENABLE_TESTABILITY = YES;
				GCC_C_LANGUAGE_STANDARD = gnu11;
				GCC_DYNAMIC_NO_PIC = NO;
				GCC_NO_COMMON_BLOCKS = YES;
				GCC_OPTIMIZATION_LEVEL = 0;
				GCC_PREPROCESSOR_DEFINITIONS = (
					"DEBUG=1",
					"$(inherited)",
				);
				GCC_WARN_64_TO_32_BIT_CONVERSION = YES;
				GCC_WARN_ABOUT_RETURN_TYPE = YES_ERROR;
				GCC_WARN_UNDECLARED_SELECTOR = YES;
				GCC_WARN_UNINITIALIZED_AUTOS = YES_AGGRESSIVE;
				GCC_WARN_UNUSED_FUNCTION = YES;
				GCC_WARN_UNUSED_VARIABLE = YES;
				IPHONEOS_DEPLOYMENT_TARGET = 12.2;
				MTL_ENABLE_DEBUG_INFO = INCLUDE_SOURCE;
				MTL_FAST_MATH = YES;
				ONLY_ACTIVE_ARCH = YES;
				SDKROOT = iphoneos;
				SWIFT_ACTIVE_COMPILATION_CONDITIONS = DEBUG;
				SWIFT_OPTIMIZATION_LEVEL = "-Onone";
			};
			name = Debug;
		};
		7AA73C582250010300E0EAD0 /* Release */ = {
			isa = XCBuildConfiguration;
			buildSettings = {
				ALWAYS_SEARCH_USER_PATHS = NO;
				CLANG_ANALYZER_NONNULL = YES;
				CLANG_ANALYZER_NUMBER_OBJECT_CONVERSION = YES_AGGRESSIVE;
				CLANG_CXX_LANGUAGE_STANDARD = "gnu++14";
				CLANG_CXX_LIBRARY = "libc++";
				CLANG_ENABLE_MODULES = YES;
				CLANG_ENABLE_OBJC_ARC = YES;
				CLANG_ENABLE_OBJC_WEAK = YES;
				CLANG_WARN_BLOCK_CAPTURE_AUTORELEASING = YES;
				CLANG_WARN_BOOL_CONVERSION = YES;
				CLANG_WARN_COMMA = YES;
				CLANG_WARN_CONSTANT_CONVERSION = YES;
				CLANG_WARN_DEPRECATED_OBJC_IMPLEMENTATIONS = YES;
				CLANG_WARN_DIRECT_OBJC_ISA_USAGE = YES_ERROR;
				CLANG_WARN_DOCUMENTATION_COMMENTS = YES;
				CLANG_WARN_EMPTY_BODY = YES;
				CLANG_WARN_ENUM_CONVERSION = YES;
				CLANG_WARN_INFINITE_RECURSION = YES;
				CLANG_WARN_INT_CONVERSION = YES;
				CLANG_WARN_NON_LITERAL_NULL_CONVERSION = YES;
				CLANG_WARN_OBJC_IMPLICIT_RETAIN_SELF = YES;
				CLANG_WARN_OBJC_LITERAL_CONVERSION = YES;
				CLANG_WARN_OBJC_ROOT_CLASS = YES_ERROR;
				CLANG_WARN_RANGE_LOOP_ANALYSIS = YES;
				CLANG_WARN_STRICT_PROTOTYPES = YES;
				CLANG_WARN_SUSPICIOUS_MOVE = YES;
				CLANG_WARN_UNGUARDED_AVAILABILITY = YES_AGGRESSIVE;
				CLANG_WARN_UNREACHABLE_CODE = YES;
				CLANG_WARN__DUPLICATE_METHOD_MATCH = YES;
				CODE_SIGN_IDENTITY = "iPhone Developer";
				COPY_PHASE_STRIP = NO;
				DEBUG_INFORMATION_FORMAT = "dwarf-with-dsym";
				ENABLE_NS_ASSERTIONS = NO;
				ENABLE_STRICT_OBJC_MSGSEND = YES;
				GCC_C_LANGUAGE_STANDARD = gnu11;
				GCC_NO_COMMON_BLOCKS = YES;
				GCC_WARN_64_TO_32_BIT_CONVERSION = YES;
				GCC_WARN_ABOUT_RETURN_TYPE = YES_ERROR;
				GCC_WARN_UNDECLARED_SELECTOR = YES;
				GCC_WARN_UNINITIALIZED_AUTOS = YES_AGGRESSIVE;
				GCC_WARN_UNUSED_FUNCTION = YES;
				GCC_WARN_UNUSED_VARIABLE = YES;
				IPHONEOS_DEPLOYMENT_TARGET = 12.2;
				MTL_ENABLE_DEBUG_INFO = NO;
				MTL_FAST_MATH = YES;
				SDKROOT = iphoneos;
				SWIFT_COMPILATION_MODE = wholemodule;
				SWIFT_OPTIMIZATION_LEVEL = "-O";
				VALIDATE_PRODUCT = YES;
			};
			name = Release;
		};
		7AA73C5A2250010300E0EAD0 /* Debug */ = {
			isa = XCBuildConfiguration;
			buildSettings = {
				ASSETCATALOG_COMPILER_APPICON_NAME = AppIcon;
				CODE_SIGN_IDENTITY = "iPhone Developer";
				CODE_SIGN_STYLE = Automatic;
				DEVELOPMENT_TEAM = "";
				FRAMEWORK_SEARCH_PATHS = (
					"$(inherited)",
					"$(PROJECT_DIR)/Carthage/Build/iOS",
				);
				INFOPLIST_FILE = GitHubExplorer/Info.plist;
				LD_RUNPATH_SEARCH_PATHS = (
					"$(inherited)",
					"@executable_path/Frameworks",
				);
				PRODUCT_BUNDLE_IDENTIFIER = home.GitHubExplorer;
				PRODUCT_NAME = "$(TARGET_NAME)";
				PROVISIONING_PROFILE_SPECIFIER = "";
				SWIFT_VERSION = 5.0;
				TARGETED_DEVICE_FAMILY = "1,2";
			};
			name = Debug;
		};
		7AA73C5B2250010300E0EAD0 /* Release */ = {
			isa = XCBuildConfiguration;
			buildSettings = {
				ASSETCATALOG_COMPILER_APPICON_NAME = AppIcon;
				CODE_SIGN_IDENTITY = "iPhone Developer";
				CODE_SIGN_STYLE = Automatic;
				DEVELOPMENT_TEAM = "";
				FRAMEWORK_SEARCH_PATHS = (
					"$(inherited)",
					"$(PROJECT_DIR)/Carthage/Build/iOS",
				);
				INFOPLIST_FILE = GitHubExplorer/Info.plist;
				LD_RUNPATH_SEARCH_PATHS = (
					"$(inherited)",
					"@executable_path/Frameworks",
				);
				PRODUCT_BUNDLE_IDENTIFIER = home.GitHubExplorer;
				PRODUCT_NAME = "$(TARGET_NAME)";
				PROVISIONING_PROFILE_SPECIFIER = "";
				SWIFT_VERSION = 5.0;
				TARGETED_DEVICE_FAMILY = "1,2";
			};
			name = Release;
		};
/* End XCBuildConfiguration section */

/* Begin XCConfigurationList section */
		7AA73C422250010100E0EAD0 /* Build configuration list for PBXProject "GitHubExplorer" */ = {
			isa = XCConfigurationList;
			buildConfigurations = (
				7AA73C572250010300E0EAD0 /* Debug */,
				7AA73C582250010300E0EAD0 /* Release */,
			);
			defaultConfigurationIsVisible = 0;
			defaultConfigurationName = Release;
		};
		7AA73C592250010300E0EAD0 /* Build configuration list for PBXNativeTarget "GitHubExplorer" */ = {
			isa = XCConfigurationList;
			buildConfigurations = (
				7AA73C5A2250010300E0EAD0 /* Debug */,
				7AA73C5B2250010300E0EAD0 /* Release */,
			);
			defaultConfigurationIsVisible = 0;
			defaultConfigurationName = Release;
		};
/* End XCConfigurationList section */
	};
	rootObject = 7AA73C3F2250010100E0EAD0 /* Project object */;
}
